// !$*UTF8*$!
{
	archiveVersion = 1;
	classes = {
	};
	objectVersion = 56;
	objects = {

/* Begin PBXBuildFile section */
		3C762E972992DEB30015B654 /* CollectionViewCell.swift in Sources */ = {isa = PBXBuildFile; fileRef = 3C762E962992DEB30015B654 /* CollectionViewCell.swift */; };
		3C762E992992E0940015B654 /* TableViewCell.swift in Sources */ = {isa = PBXBuildFile; fileRef = 3C762E982992E0940015B654 /* TableViewCell.swift */; };
		3C762EBE299301BC0015B654 /* CatalogTableViewController.swift in Sources */ = {isa = PBXBuildFile; fileRef = 3C762EBD299301BC0015B654 /* CatalogTableViewController.swift */; };
		3C762EC0299301F90015B654 /* CustomTableViewCell.swift in Sources */ = {isa = PBXBuildFile; fileRef = 3C762EBF299301F90015B654 /* CustomTableViewCell.swift */; };
		3C762EC2299303790015B654 /* CategoryListViewController.swift in Sources */ = {isa = PBXBuildFile; fileRef = 3C762EC1299303790015B654 /* CategoryListViewController.swift */; };
		3C7BFE42298ED21900DC6743 /* AppDelegate.swift in Sources */ = {isa = PBXBuildFile; fileRef = 3C7BFE41298ED21900DC6743 /* AppDelegate.swift */; };
		3C7BFE44298ED21900DC6743 /* SceneDelegate.swift in Sources */ = {isa = PBXBuildFile; fileRef = 3C7BFE43298ED21900DC6743 /* SceneDelegate.swift */; };
		3C7BFE46298ED21900DC6743 /* LoginViewController.swift in Sources */ = {isa = PBXBuildFile; fileRef = 3C7BFE45298ED21900DC6743 /* LoginViewController.swift */; };
		3C7BFE49298ED21900DC6743 /* Main.storyboard in Resources */ = {isa = PBXBuildFile; fileRef = 3C7BFE47298ED21900DC6743 /* Main.storyboard */; };
		3C7BFE4B298ED21A00DC6743 /* Assets.xcassets in Resources */ = {isa = PBXBuildFile; fileRef = 3C7BFE4A298ED21A00DC6743 /* Assets.xcassets */; };
		3C7BFE4E298ED21A00DC6743 /* LaunchScreen.storyboard in Resources */ = {isa = PBXBuildFile; fileRef = 3C7BFE4C298ED21A00DC6743 /* LaunchScreen.storyboard */; };
		3CBFF286298EE5F4002199EA /* DataStore.swift in Sources */ = {isa = PBXBuildFile; fileRef = 3CBFF285298EE5F4002199EA /* DataStore.swift */; };
		3CBFF288298EE612002199EA /* Product.swift in Sources */ = {isa = PBXBuildFile; fileRef = 3CBFF287298EE612002199EA /* Product.swift */; };
		3CBFF28A298F31DF002199EA /* HomeViewController.swift in Sources */ = {isa = PBXBuildFile; fileRef = 3CBFF289298F31DF002199EA /* HomeViewController.swift */; };
/* End PBXBuildFile section */

/* Begin PBXFileReference section */
		3C762E962992DEB30015B654 /* CollectionViewCell.swift */ = {isa = PBXFileReference; lastKnownFileType = sourcecode.swift; path = CollectionViewCell.swift; sourceTree = "<group>"; };
		3C762E982992E0940015B654 /* TableViewCell.swift */ = {isa = PBXFileReference; lastKnownFileType = sourcecode.swift; path = TableViewCell.swift; sourceTree = "<group>"; };
		3C762EBD299301BC0015B654 /* CatalogTableViewController.swift */ = {isa = PBXFileReference; lastKnownFileType = sourcecode.swift; path = CatalogTableViewController.swift; sourceTree = "<group>"; };
		3C762EBF299301F90015B654 /* CustomTableViewCell.swift */ = {isa = PBXFileReference; lastKnownFileType = sourcecode.swift; path = CustomTableViewCell.swift; sourceTree = "<group>"; };
		3C762EC1299303790015B654 /* CategoryListViewController.swift */ = {isa = PBXFileReference; lastKnownFileType = sourcecode.swift; path = CategoryListViewController.swift; sourceTree = "<group>"; };
		3C7BFE3E298ED21900DC6743 /* shopApp.app */ = {isa = PBXFileReference; explicitFileType = wrapper.application; includeInIndex = 0; path = shopApp.app; sourceTree = BUILT_PRODUCTS_DIR; };
		3C7BFE41298ED21900DC6743 /* AppDelegate.swift */ = {isa = PBXFileReference; lastKnownFileType = sourcecode.swift; path = AppDelegate.swift; sourceTree = "<group>"; };
		3C7BFE43298ED21900DC6743 /* SceneDelegate.swift */ = {isa = PBXFileReference; lastKnownFileType = sourcecode.swift; path = SceneDelegate.swift; sourceTree = "<group>"; };
		3C7BFE45298ED21900DC6743 /* LoginViewController.swift */ = {isa = PBXFileReference; lastKnownFileType = sourcecode.swift; path = LoginViewController.swift; sourceTree = "<group>"; };
		3C7BFE48298ED21900DC6743 /* Base */ = {isa = PBXFileReference; lastKnownFileType = file.storyboard; name = Base; path = Base.lproj/Main.storyboard; sourceTree = "<group>"; };
		3C7BFE4A298ED21A00DC6743 /* Assets.xcassets */ = {isa = PBXFileReference; lastKnownFileType = folder.assetcatalog; path = Assets.xcassets; sourceTree = "<group>"; };
		3C7BFE4D298ED21A00DC6743 /* Base */ = {isa = PBXFileReference; lastKnownFileType = file.storyboard; name = Base; path = Base.lproj/LaunchScreen.storyboard; sourceTree = "<group>"; };
		3C7BFE4F298ED21A00DC6743 /* Info.plist */ = {isa = PBXFileReference; lastKnownFileType = text.plist.xml; path = Info.plist; sourceTree = "<group>"; };
		3CBFF285298EE5F4002199EA /* DataStore.swift */ = {isa = PBXFileReference; lastKnownFileType = sourcecode.swift; path = DataStore.swift; sourceTree = "<group>"; };
		3CBFF287298EE612002199EA /* Product.swift */ = {isa = PBXFileReference; lastKnownFileType = sourcecode.swift; path = Product.swift; sourceTree = "<group>"; };
		3CBFF289298F31DF002199EA /* HomeViewController.swift */ = {isa = PBXFileReference; lastKnownFileType = sourcecode.swift; path = HomeViewController.swift; sourceTree = "<group>"; };
/* End PBXFileReference section */

/* Begin PBXFrameworksBuildPhase section */
		3C7BFE3B298ED21900DC6743 /* Frameworks */ = {
			isa = PBXFrameworksBuildPhase;
			buildActionMask = 2147483647;
			files = (
			);
			runOnlyForDeploymentPostprocessing = 0;
		};
/* End PBXFrameworksBuildPhase section */

/* Begin PBXGroup section */
		3C762E9A2992EDE40015B654 /* Cells */ = {
			isa = PBXGroup;
			children = (
			);
			path = Cells;
			sourceTree = "<group>";
		};
		3C762EBB299301390015B654 /* LoginVC */ = {
			isa = PBXGroup;
			children = (
				3C7BFE45298ED21900DC6743 /* LoginViewController.swift */,
			);
			path = LoginVC;
			sourceTree = "<group>";
		};
		3C762EBC2993015A0015B654 /* HomeVC */ = {
			isa = PBXGroup;
			children = (
				3CBFF289298F31DF002199EA /* HomeViewController.swift */,
				3C762E982992E0940015B654 /* TableViewCell.swift */,
				3C762E962992DEB30015B654 /* CollectionViewCell.swift */,
			);
			path = HomeVC;
			sourceTree = "<group>";
		};
		3C7BFE35298ED21900DC6743 = {
			isa = PBXGroup;
			children = (
				3C7BFE40298ED21900DC6743 /* shopApp */,
				3C7BFE3F298ED21900DC6743 /* Products */,
			);
			sourceTree = "<group>";
		};
		3C7BFE3F298ED21900DC6743 /* Products */ = {
			isa = PBXGroup;
			children = (
				3C7BFE3E298ED21900DC6743 /* shopApp.app */,
			);
			name = Products;
			sourceTree = "<group>";
		};
		3C7BFE40298ED21900DC6743 /* shopApp */ = {
			isa = PBXGroup;
			children = (
				3C7BFE41298ED21900DC6743 /* AppDelegate.swift */,
				3C7BFE43298ED21900DC6743 /* SceneDelegate.swift */,
				3C7BFE4C298ED21A00DC6743 /* LaunchScreen.storyboard */,
				3C7BFE4A298ED21A00DC6743 /* Assets.xcassets */,
				3C7BFE4F298ED21A00DC6743 /* Info.plist */,
				3C762EBB299301390015B654 /* LoginVC */,
				3CBFF2B329917EDA002199EA /* Storyboards */,
				3C7BFE55298ED66B00DC6743 /* CatalogVC */,
				3C762EBC2993015A0015B654 /* HomeVC */,
				3C762E9A2992EDE40015B654 /* Cells */,
				3CBFF2B429917EF2002199EA /* Models */,
				3CBFF2B529917EFA002199EA /* Services */,
			);
			path = shopApp;
			sourceTree = "<group>";
		};
		3C7BFE55298ED66B00DC6743 /* CatalogVC */ = {
			isa = PBXGroup;
			children = (
				3C762EBD299301BC0015B654 /* CatalogTableViewController.swift */,
				3C762EBF299301F90015B654 /* CustomTableViewCell.swift */,
				3C762EC1299303790015B654 /* CategoryListViewController.swift */,
			);
			path = CatalogVC;
			sourceTree = "<group>";
		};
		3CBFF2B329917EDA002199EA /* Storyboards */ = {
			isa = PBXGroup;
			children = (
				3C7BFE47298ED21900DC6743 /* Main.storyboard */,
			);
			path = Storyboards;
			sourceTree = "<group>";
		};
		3CBFF2B429917EF2002199EA /* Models */ = {
			isa = PBXGroup;
			children = (
				3CBFF287298EE612002199EA /* Product.swift */,
			);
			path = Models;
			sourceTree = "<group>";
		};
		3CBFF2B529917EFA002199EA /* Services */ = {
			isa = PBXGroup;
			children = (
				3CBFF285298EE5F4002199EA /* DataStore.swift */,
			);
			path = Services;
			sourceTree = "<group>";
		};
/* End PBXGroup section */

/* Begin PBXNativeTarget section */
		3C7BFE3D298ED21900DC6743 /* shopApp */ = {
			isa = PBXNativeTarget;
			buildConfigurationList = 3C7BFE52298ED21A00DC6743 /* Build configuration list for PBXNativeTarget "shopApp" */;
			buildPhases = (
				3C7BFE3A298ED21900DC6743 /* Sources */,
				3C7BFE3B298ED21900DC6743 /* Frameworks */,
				3C7BFE3C298ED21900DC6743 /* Resources */,
			);
			buildRules = (
			);
			dependencies = (
			);
			name = shopApp;
			productName = shopApp;
			productReference = 3C7BFE3E298ED21900DC6743 /* shopApp.app */;
			productType = "com.apple.product-type.application";
		};
/* End PBXNativeTarget section */

/* Begin PBXProject section */
		3C7BFE36298ED21900DC6743 /* Project object */ = {
			isa = PBXProject;
			attributes = {
				BuildIndependentTargetsInParallel = 1;
				LastSwiftUpdateCheck = 1420;
				LastUpgradeCheck = 1420;
				TargetAttributes = {
					3C7BFE3D298ED21900DC6743 = {
						CreatedOnToolsVersion = 14.2;
					};
				};
			};
			buildConfigurationList = 3C7BFE39298ED21900DC6743 /* Build configuration list for PBXProject "shopApp" */;
			compatibilityVersion = "Xcode 14.0";
			developmentRegion = en;
			hasScannedForEncodings = 0;
			knownRegions = (
				en,
				Base,
			);
			mainGroup = 3C7BFE35298ED21900DC6743;
			productRefGroup = 3C7BFE3F298ED21900DC6743 /* Products */;
			projectDirPath = "";
			projectRoot = "";
			targets = (
				3C7BFE3D298ED21900DC6743 /* shopApp */,
			);
		};
/* End PBXProject section */

/* Begin PBXResourcesBuildPhase section */
		3C7BFE3C298ED21900DC6743 /* Resources */ = {
			isa = PBXResourcesBuildPhase;
			buildActionMask = 2147483647;
			files = (
				3C7BFE4E298ED21A00DC6743 /* LaunchScreen.storyboard in Resources */,
				3C7BFE4B298ED21A00DC6743 /* Assets.xcassets in Resources */,
				3C7BFE49298ED21900DC6743 /* Main.storyboard in Resources */,
			);
			runOnlyForDeploymentPostprocessing = 0;
		};
/* End PBXResourcesBuildPhase section */

/* Begin PBXSourcesBuildPhase section */
		3C7BFE3A298ED21900DC6743 /* Sources */ = {
			isa = PBXSourcesBuildPhase;
			buildActionMask = 2147483647;
			files = (
				3C7BFE46298ED21900DC6743 /* LoginViewController.swift in Sources */,
				3C762E992992E0940015B654 /* TableViewCell.swift in Sources */,
				3CBFF286298EE5F4002199EA /* DataStore.swift in Sources */,
				3C7BFE42298ED21900DC6743 /* AppDelegate.swift in Sources */,
				3C762E972992DEB30015B654 /* CollectionViewCell.swift in Sources */,
				3C7BFE44298ED21900DC6743 /* SceneDelegate.swift in Sources */,
				3C762EC0299301F90015B654 /* CustomTableViewCell.swift in Sources */,
				3C762EBE299301BC0015B654 /* CatalogTableViewController.swift in Sources */,
				3CBFF28A298F31DF002199EA /* HomeViewController.swift in Sources */,
				3C762EC2299303790015B654 /* CategoryListViewController.swift in Sources */,
				3CBFF288298EE612002199EA /* Product.swift in Sources */,
			);
			runOnlyForDeploymentPostprocessing = 0;
		};
/* End PBXSourcesBuildPhase section */

/* Begin PBXVariantGroup section */
		3C7BFE47298ED21900DC6743 /* Main.storyboard */ = {
			isa = PBXVariantGroup;
			children = (
				3C7BFE48298ED21900DC6743 /* Base */,
			);
			name = Main.storyboard;
			sourceTree = "<group>";
		};
		3C7BFE4C298ED21A00DC6743 /* LaunchScreen.storyboard */ = {
			isa = PBXVariantGroup;
			children = (
				3C7BFE4D298ED21A00DC6743 /* Base */,
			);
			name = LaunchScreen.storyboard;
			sourceTree = "<group>";
		};
/* End PBXVariantGroup section */

/* Begin XCBuildConfiguration section */
		3C7BFE50298ED21A00DC6743 /* Debug */ = {
			isa = XCBuildConfiguration;
			buildSettings = {
				ALWAYS_SEARCH_USER_PATHS = NO;
				CLANG_ANALYZER_NONNULL = YES;
				CLANG_ANALYZER_NUMBER_OBJECT_CONVERSION = YES_AGGRESSIVE;
				CLANG_CXX_LANGUAGE_STANDARD = "gnu++20";
				CLANG_ENABLE_MODULES = YES;
				CLANG_ENABLE_OBJC_ARC = YES;
				CLANG_ENABLE_OBJC_WEAK = YES;
				CLANG_WARN_BLOCK_CAPTURE_AUTORELEASING = YES;
				CLANG_WARN_BOOL_CONVERSION = YES;
				CLANG_WARN_COMMA = YES;
				CLANG_WARN_CONSTANT_CONVERSION = YES;
				CLANG_WARN_DEPRECATED_OBJC_IMPLEMENTATIONS = YES;
				CLANG_WARN_DIRECT_OBJC_ISA_USAGE = YES_ERROR;
				CLANG_WARN_DOCUMENTATION_COMMENTS = YES;
				CLANG_WARN_EMPTY_BODY = YES;
				CLANG_WARN_ENUM_CONVERSION = YES;
				CLANG_WARN_INFINITE_RECURSION = YES;
				CLANG_WARN_INT_CONVERSION = YES;
				CLANG_WARN_NON_LITERAL_NULL_CONVERSION = YES;
				CLANG_WARN_OBJC_IMPLICIT_RETAIN_SELF = YES;
				CLANG_WARN_OBJC_LITERAL_CONVERSION = YES;
				CLANG_WARN_OBJC_ROOT_CLASS = YES_ERROR;
				CLANG_WARN_QUOTED_INCLUDE_IN_FRAMEWORK_HEADER = YES;
				CLANG_WARN_RANGE_LOOP_ANALYSIS = YES;
				CLANG_WARN_STRICT_PROTOTYPES = YES;
				CLANG_WARN_SUSPICIOUS_MOVE = YES;
				CLANG_WARN_UNGUARDED_AVAILABILITY = YES_AGGRESSIVE;
				CLANG_WARN_UNREACHABLE_CODE = YES;
				CLANG_WARN__DUPLICATE_METHOD_MATCH = YES;
				COPY_PHASE_STRIP = NO;
				DEBUG_INFORMATION_FORMAT = dwarf;
				ENABLE_STRICT_OBJC_MSGSEND = YES;
				ENABLE_TESTABILITY = YES;
				GCC_C_LANGUAGE_STANDARD = gnu11;
				GCC_DYNAMIC_NO_PIC = NO;
				GCC_NO_COMMON_BLOCKS = YES;
				GCC_OPTIMIZATION_LEVEL = 0;
				GCC_PREPROCESSOR_DEFINITIONS = (
					"DEBUG=1",
					"$(inherited)",
				);
				GCC_WARN_64_TO_32_BIT_CONVERSION = YES;
				GCC_WARN_ABOUT_RETURN_TYPE = YES_ERROR;
				GCC_WARN_UNDECLARED_SELECTOR = YES;
				GCC_WARN_UNINITIALIZED_AUTOS = YES_AGGRESSIVE;
				GCC_WARN_UNUSED_FUNCTION = YES;
				GCC_WARN_UNUSED_VARIABLE = YES;
				IPHONEOS_DEPLOYMENT_TARGET = 16.2;
				MTL_ENABLE_DEBUG_INFO = INCLUDE_SOURCE;
				MTL_FAST_MATH = YES;
				ONLY_ACTIVE_ARCH = YES;
				SDKROOT = iphoneos;
				SWIFT_ACTIVE_COMPILATION_CONDITIONS = DEBUG;
				SWIFT_OPTIMIZATION_LEVEL = "-Onone";
			};
			name = Debug;
		};
		3C7BFE51298ED21A00DC6743 /* Release */ = {
			isa = XCBuildConfiguration;
			buildSettings = {
				ALWAYS_SEARCH_USER_PATHS = NO;
				CLANG_ANALYZER_NONNULL = YES;
				CLANG_ANALYZER_NUMBER_OBJECT_CONVERSION = YES_AGGRESSIVE;
				CLANG_CXX_LANGUAGE_STANDARD = "gnu++20";
				CLANG_ENABLE_MODULES = YES;
				CLANG_ENABLE_OBJC_ARC = YES;
				CLANG_ENABLE_OBJC_WEAK = YES;
				CLANG_WARN_BLOCK_CAPTURE_AUTORELEASING = YES;
				CLANG_WARN_BOOL_CONVERSION = YES;
				CLANG_WARN_COMMA = YES;
				CLANG_WARN_CONSTANT_CONVERSION = YES;
				CLANG_WARN_DEPRECATED_OBJC_IMPLEMENTATIONS = YES;
				CLANG_WARN_DIRECT_OBJC_ISA_USAGE = YES_ERROR;
				CLANG_WARN_DOCUMENTATION_COMMENTS = YES;
				CLANG_WARN_EMPTY_BODY = YES;
				CLANG_WARN_ENUM_CONVERSION = YES;
				CLANG_WARN_INFINITE_RECURSION = YES;
				CLANG_WARN_INT_CONVERSION = YES;
				CLANG_WARN_NON_LITERAL_NULL_CONVERSION = YES;
				CLANG_WARN_OBJC_IMPLICIT_RETAIN_SELF = YES;
				CLANG_WARN_OBJC_LITERAL_CONVERSION = YES;
				CLANG_WARN_OBJC_ROOT_CLASS = YES_ERROR;
				CLANG_WARN_QUOTED_INCLUDE_IN_FRAMEWORK_HEADER = YES;
				CLANG_WARN_RANGE_LOOP_ANALYSIS = YES;
				CLANG_WARN_STRICT_PROTOTYPES = YES;
				CLANG_WARN_SUSPICIOUS_MOVE = YES;
				CLANG_WARN_UNGUARDED_AVAILABILITY = YES_AGGRESSIVE;
				CLANG_WARN_UNREACHABLE_CODE = YES;
				CLANG_WARN__DUPLICATE_METHOD_MATCH = YES;
				COPY_PHASE_STRIP = NO;
				DEBUG_INFORMATION_FORMAT = "dwarf-with-dsym";
				ENABLE_NS_ASSERTIONS = NO;
				ENABLE_STRICT_OBJC_MSGSEND = YES;
				GCC_C_LANGUAGE_STANDARD = gnu11;
				GCC_NO_COMMON_BLOCKS = YES;
				GCC_WARN_64_TO_32_BIT_CONVERSION = YES;
				GCC_WARN_ABOUT_RETURN_TYPE = YES_ERROR;
				GCC_WARN_UNDECLARED_SELECTOR = YES;
				GCC_WARN_UNINITIALIZED_AUTOS = YES_AGGRESSIVE;
				GCC_WARN_UNUSED_FUNCTION = YES;
				GCC_WARN_UNUSED_VARIABLE = YES;
				IPHONEOS_DEPLOYMENT_TARGET = 16.2;
				MTL_ENABLE_DEBUG_INFO = NO;
				MTL_FAST_MATH = YES;
				SDKROOT = iphoneos;
				SWIFT_COMPILATION_MODE = wholemodule;
				SWIFT_OPTIMIZATION_LEVEL = "-O";
				VALIDATE_PRODUCT = YES;
			};
			name = Release;
		};
		3C7BFE53298ED21A00DC6743 /* Debug */ = {
			isa = XCBuildConfiguration;
			buildSettings = {
				ASSETCATALOG_COMPILER_APPICON_NAME = AppIcon;
				ASSETCATALOG_COMPILER_GLOBAL_ACCENT_COLOR_NAME = AccentColor;
				CODE_SIGN_STYLE = Automatic;
				CURRENT_PROJECT_VERSION = 1;
				DEVELOPMENT_TEAM = T22G8674NU;
				GENERATE_INFOPLIST_FILE = YES;
				INFOPLIST_FILE = shopApp/Info.plist;
				INFOPLIST_KEY_UIApplicationSupportsIndirectInputEvents = YES;
				INFOPLIST_KEY_UILaunchStoryboardName = LaunchScreen;
				INFOPLIST_KEY_UIMainStoryboardFile = Main;
				INFOPLIST_KEY_UISupportedInterfaceOrientations_iPad = "UIInterfaceOrientationPortrait UIInterfaceOrientationPortraitUpsideDown UIInterfaceOrientationLandscapeLeft UIInterfaceOrientationLandscapeRight";
				INFOPLIST_KEY_UISupportedInterfaceOrientations_iPhone = "UIInterfaceOrientationPortrait UIInterfaceOrientationLandscapeLeft UIInterfaceOrientationLandscapeRight";
				LD_RUNPATH_SEARCH_PATHS = (
					"$(inherited)",
					"@executable_path/Frameworks",
				);
				MARKETING_VERSION = 1.0;
				PRODUCT_BUNDLE_IDENTIFIER = KirillTaraturin.shopApp;
				PRODUCT_NAME = "$(TARGET_NAME)";
				SWIFT_EMIT_LOC_STRINGS = YES;
				SWIFT_VERSION = 5.0;
				TARGETED_DEVICE_FAMILY = "1,2";
			};
			name = Debug;
		};
		3C7BFE54298ED21A00DC6743 /* Release */ = {
			isa = XCBuildConfiguration;
			buildSettings = {
				ASSETCATALOG_COMPILER_APPICON_NAME = AppIcon;
				ASSETCATALOG_COMPILER_GLOBAL_ACCENT_COLOR_NAME = AccentColor;
				CODE_SIGN_STYLE = Automatic;
				CURRENT_PROJECT_VERSION = 1;
				DEVELOPMENT_TEAM = T22G8674NU;
				GENERATE_INFOPLIST_FILE = YES;
				INFOPLIST_FILE = shopApp/Info.plist;
				INFOPLIST_KEY_UIApplicationSupportsIndirectInputEvents = YES;
				INFOPLIST_KEY_UILaunchStoryboardName = LaunchScreen;
				INFOPLIST_KEY_UIMainStoryboardFile = Main;
				INFOPLIST_KEY_UISupportedInterfaceOrientations_iPad = "UIInterfaceOrientationPortrait UIInterfaceOrientationPortraitUpsideDown UIInterfaceOrientationLandscapeLeft UIInterfaceOrientationLandscapeRight";
				INFOPLIST_KEY_UISupportedInterfaceOrientations_iPhone = "UIInterfaceOrientationPortrait UIInterfaceOrientationLandscapeLeft UIInterfaceOrientationLandscapeRight";
				LD_RUNPATH_SEARCH_PATHS = (
					"$(inherited)",
					"@executable_path/Frameworks",
				);
				MARKETING_VERSION = 1.0;
				PRODUCT_BUNDLE_IDENTIFIER = KirillTaraturin.shopApp;
				PRODUCT_NAME = "$(TARGET_NAME)";
				SWIFT_EMIT_LOC_STRINGS = YES;
				SWIFT_VERSION = 5.0;
				TARGETED_DEVICE_FAMILY = "1,2";
			};
			name = Release;
		};
/* End XCBuildConfiguration section */

/* Begin XCConfigurationList section */
		3C7BFE39298ED21900DC6743 /* Build configuration list for PBXProject "shopApp" */ = {
			isa = XCConfigurationList;
			buildConfigurations = (
				3C7BFE50298ED21A00DC6743 /* Debug */,
				3C7BFE51298ED21A00DC6743 /* Release */,
			);
			defaultConfigurationIsVisible = 0;
			defaultConfigurationName = Release;
		};
		3C7BFE52298ED21A00DC6743 /* Build configuration list for PBXNativeTarget "shopApp" */ = {
			isa = XCConfigurationList;
			buildConfigurations = (
				3C7BFE53298ED21A00DC6743 /* Debug */,
				3C7BFE54298ED21A00DC6743 /* Release */,
			);
			defaultConfigurationIsVisible = 0;
			defaultConfigurationName = Release;
		};
/* End XCConfigurationList section */
	};
	rootObject = 3C7BFE36298ED21900DC6743 /* Project object */;
}
